// !$*UTF8*$!
{
	archiveVersion = 1;
	classes = {
	};
	objectVersion = 77;
	objects = {

/* Begin PBXBuildFile section */
		242AAEA02CE8E0200018F790 /* Collections in Frameworks */ = {isa = PBXBuildFile; productRef = 242AAE9F2CE8E0200018F790 /* Collections */; };
		242AAEA32CE8E1660018F790 /* SwiftUICharts in Frameworks */ = {isa = PBXBuildFile; productRef = 242AAEA22CE8E1660018F790 /* SwiftUICharts */; };
		24ECE77D2CC3D6E800C609F9 /* SwiftUIFontIcon in Frameworks */ = {isa = PBXBuildFile; productRef = 24ECE77C2CC3D6E800C609F9 /* SwiftUIFontIcon */; };
/* End PBXBuildFile section */

/* Begin PBXContainerItemProxy section */
		24ECE7402CC3BCAF00C609F9 /* PBXContainerItemProxy */ = {
			isa = PBXContainerItemProxy;
			containerPortal = 24ECE7272CC3BCAE00C609F9 /* Project object */;
			proxyType = 1;
			remoteGlobalIDString = 24ECE72E2CC3BCAE00C609F9;
			remoteInfo = Monify;
		};
		24ECE74A2CC3BCAF00C609F9 /* PBXContainerItemProxy */ = {
			isa = PBXContainerItemProxy;
			containerPortal = 24ECE7272CC3BCAE00C609F9 /* Project object */;
			proxyType = 1;
			remoteGlobalIDString = 24ECE72E2CC3BCAE00C609F9;
			remoteInfo = Monify;
		};
/* End PBXContainerItemProxy section */

/* Begin PBXFileReference section */
		24ECE72F2CC3BCAE00C609F9 /* Monify.app */ = {isa = PBXFileReference; explicitFileType = wrapper.application; includeInIndex = 0; path = Monify.app; sourceTree = BUILT_PRODUCTS_DIR; };
		24ECE73F2CC3BCAF00C609F9 /* MonifyTests.xctest */ = {isa = PBXFileReference; explicitFileType = wrapper.cfbundle; includeInIndex = 0; path = MonifyTests.xctest; sourceTree = BUILT_PRODUCTS_DIR; };
		24ECE7492CC3BCAF00C609F9 /* MonifyUITests.xctest */ = {isa = PBXFileReference; explicitFileType = wrapper.cfbundle; includeInIndex = 0; path = MonifyUITests.xctest; sourceTree = BUILT_PRODUCTS_DIR; };
/* End PBXFileReference section */

/* Begin PBXFileSystemSynchronizedRootGroup section */
		24ECE7312CC3BCAE00C609F9 /* Monify */ = {
			isa = PBXFileSystemSynchronizedRootGroup;
			path = Monify;
			sourceTree = "<group>";
		};
		24ECE7422CC3BCAF00C609F9 /* MonifyTests */ = {
			isa = PBXFileSystemSynchronizedRootGroup;
			path = MonifyTests;
			sourceTree = "<group>";
		};
		24ECE74C2CC3BCAF00C609F9 /* MonifyUITests */ = {
			isa = PBXFileSystemSynchronizedRootGroup;
			path = MonifyUITests;
			sourceTree = "<group>";
		};
/* End PBXFileSystemSynchronizedRootGroup section */

/* Begin PBXFrameworksBuildPhase section */
		24ECE72C2CC3BCAE00C609F9 /* Frameworks */ = {
			isa = PBXFrameworksBuildPhase;
			buildActionMask = 2147483647;
			files = (
				242AAEA32CE8E1660018F790 /* SwiftUICharts in Frameworks */,
				242AAEA02CE8E0200018F790 /* Collections in Frameworks */,
				24ECE77D2CC3D6E800C609F9 /* SwiftUIFontIcon in Frameworks */,
			);
			runOnlyForDeploymentPostprocessing = 0;
		};
		24ECE73C2CC3BCAF00C609F9 /* Frameworks */ = {
			isa = PBXFrameworksBuildPhase;
			buildActionMask = 2147483647;
			files = (
			);
			runOnlyForDeploymentPostprocessing = 0;
		};
		24ECE7462CC3BCAF00C609F9 /* Frameworks */ = {
			isa = PBXFrameworksBuildPhase;
			buildActionMask = 2147483647;
			files = (
			);
			runOnlyForDeploymentPostprocessing = 0;
		};
/* End PBXFrameworksBuildPhase section */

/* Begin PBXGroup section */
		24ECE7262CC3BCAE00C609F9 = {
			isa = PBXGroup;
			children = (
				24ECE7312CC3BCAE00C609F9 /* Monify */,
				24ECE7422CC3BCAF00C609F9 /* MonifyTests */,
				24ECE74C2CC3BCAF00C609F9 /* MonifyUITests */,
				24ECE7302CC3BCAE00C609F9 /* Products */,
			);
			sourceTree = "<group>";
		};
		24ECE7302CC3BCAE00C609F9 /* Products */ = {
			isa = PBXGroup;
			children = (
				24ECE72F2CC3BCAE00C609F9 /* Monify.app */,
				24ECE73F2CC3BCAF00C609F9 /* MonifyTests.xctest */,
				24ECE7492CC3BCAF00C609F9 /* MonifyUITests.xctest */,
			);
			name = Products;
			sourceTree = "<group>";
		};
/* End PBXGroup section */

/* Begin PBXNativeTarget section */
		24ECE72E2CC3BCAE00C609F9 /* Monify */ = {
			isa = PBXNativeTarget;
			buildConfigurationList = 24ECE7532CC3BCAF00C609F9 /* Build configuration list for PBXNativeTarget "Monify" */;
			buildPhases = (
				24ECE72B2CC3BCAE00C609F9 /* Sources */,
				24ECE72C2CC3BCAE00C609F9 /* Frameworks */,
				24ECE72D2CC3BCAE00C609F9 /* Resources */,
			);
			buildRules = (
			);
			dependencies = (
			);
			fileSystemSynchronizedGroups = (
				24ECE7312CC3BCAE00C609F9 /* Monify */,
			);
			name = Monify;
			packageProductDependencies = (
				24ECE77C2CC3D6E800C609F9 /* SwiftUIFontIcon */,
				242AAE9F2CE8E0200018F790 /* Collections */,
				242AAEA22CE8E1660018F790 /* SwiftUICharts */,
			);
			productName = Monify;
			productReference = 24ECE72F2CC3BCAE00C609F9 /* Monify.app */;
			productType = "com.apple.product-type.application";
		};
		24ECE73E2CC3BCAF00C609F9 /* MonifyTests */ = {
			isa = PBXNativeTarget;
			buildConfigurationList = 24ECE7562CC3BCAF00C609F9 /* Build configuration list for PBXNativeTarget "MonifyTests" */;
			buildPhases = (
				24ECE73B2CC3BCAF00C609F9 /* Sources */,
				24ECE73C2CC3BCAF00C609F9 /* Frameworks */,
				24ECE73D2CC3BCAF00C609F9 /* Resources */,
			);
			buildRules = (
			);
			dependencies = (
				24ECE7412CC3BCAF00C609F9 /* PBXTargetDependency */,
			);
			fileSystemSynchronizedGroups = (
				24ECE7422CC3BCAF00C609F9 /* MonifyTests */,
			);
			name = MonifyTests;
			packageProductDependencies = (
			);
			productName = MonifyTests;
			productReference = 24ECE73F2CC3BCAF00C609F9 /* MonifyTests.xctest */;
			productType = "com.apple.product-type.bundle.unit-test";
		};
		24ECE7482CC3BCAF00C609F9 /* MonifyUITests */ = {
			isa = PBXNativeTarget;
			buildConfigurationList = 24ECE7592CC3BCAF00C609F9 /* Build configuration list for PBXNativeTarget "MonifyUITests" */;
			buildPhases = (
				24ECE7452CC3BCAF00C609F9 /* Sources */,
				24ECE7462CC3BCAF00C609F9 /* Frameworks */,
				24ECE7472CC3BCAF00C609F9 /* Resources */,
			);
			buildRules = (
			);
			dependencies = (
				24ECE74B2CC3BCAF00C609F9 /* PBXTargetDependency */,
			);
			fileSystemSynchronizedGroups = (
				24ECE74C2CC3BCAF00C609F9 /* MonifyUITests */,
			);
			name = MonifyUITests;
			packageProductDependencies = (
			);
			productName = MonifyUITests;
			productReference = 24ECE7492CC3BCAF00C609F9 /* MonifyUITests.xctest */;
			productType = "com.apple.product-type.bundle.ui-testing";
		};
/* End PBXNativeTarget section */

/* Begin PBXProject section */
		24ECE7272CC3BCAE00C609F9 /* Project object */ = {
			isa = PBXProject;
			attributes = {
				BuildIndependentTargetsInParallel = 1;
				LastSwiftUpdateCheck = 1600;
				LastUpgradeCheck = 1600;
				TargetAttributes = {
					24ECE72E2CC3BCAE00C609F9 = {
						CreatedOnToolsVersion = 16.0;
					};
					24ECE73E2CC3BCAF00C609F9 = {
						CreatedOnToolsVersion = 16.0;
						TestTargetID = 24ECE72E2CC3BCAE00C609F9;
					};
					24ECE7482CC3BCAF00C609F9 = {
						CreatedOnToolsVersion = 16.0;
						TestTargetID = 24ECE72E2CC3BCAE00C609F9;
					};
				};
			};
			buildConfigurationList = 24ECE72A2CC3BCAE00C609F9 /* Build configuration list for PBXProject "Monify" */;
			developmentRegion = en;
			hasScannedForEncodings = 0;
			knownRegions = (
				en,
				Base,
			);
			mainGroup = 24ECE7262CC3BCAE00C609F9;
			minimizedProjectReferenceProxies = 1;
			packageReferences = (
				24ECE7782CC3D00200C609F9 /* XCRemoteSwiftPackageReference "SwiftUIFontIcon" */,
				242AAE9E2CE8DFE60018F790 /* XCRemoteSwiftPackageReference "swift-collections" */,
				242AAEA12CE8E1660018F790 /* XCRemoteSwiftPackageReference "ChartView" */,
			);
			preferredProjectObjectVersion = 77;
			productRefGroup = 24ECE7302CC3BCAE00C609F9 /* Products */;
			projectDirPath = "";
			projectRoot = "";
			targets = (
				24ECE72E2CC3BCAE00C609F9 /* Monify */,
				24ECE73E2CC3BCAF00C609F9 /* MonifyTests */,
				24ECE7482CC3BCAF00C609F9 /* MonifyUITests */,
			);
		};
/* End PBXProject section */

/* Begin PBXResourcesBuildPhase section */
		24ECE72D2CC3BCAE00C609F9 /* Resources */ = {
			isa = PBXResourcesBuildPhase;
			buildActionMask = 2147483647;
			files = (
			);
			runOnlyForDeploymentPostprocessing = 0;
		};
		24ECE73D2CC3BCAF00C609F9 /* Resources */ = {
			isa = PBXResourcesBuildPhase;
			buildActionMask = 2147483647;
			files = (
			);
			runOnlyForDeploymentPostprocessing = 0;
		};
		24ECE7472CC3BCAF00C609F9 /* Resources */ = {
			isa = PBXResourcesBuildPhase;
			buildActionMask = 2147483647;
			files = (
			);
			runOnlyForDeploymentPostprocessing = 0;
		};
/* End PBXResourcesBuildPhase section */

/* Begin PBXSourcesBuildPhase section */
		24ECE72B2CC3BCAE00C609F9 /* Sources */ = {
			isa = PBXSourcesBuildPhase;
			buildActionMask = 2147483647;
			files = (
			);
			runOnlyForDeploymentPostprocessing = 0;
		};
		24ECE73B2CC3BCAF00C609F9 /* Sources */ = {
			isa = PBXSourcesBuildPhase;
			buildActionMask = 2147483647;
			files = (
			);
			runOnlyForDeploymentPostprocessing = 0;
		};
		24ECE7452CC3BCAF00C609F9 /* Sources */ = {
			isa = PBXSourcesBuildPhase;
			buildActionMask = 2147483647;
			files = (
			);
			runOnlyForDeploymentPostprocessing = 0;
		};
/* End PBXSourcesBuildPhase section */

/* Begin PBXTargetDependency section */
		24ECE7412CC3BCAF00C609F9 /* PBXTargetDependency */ = {
			isa = PBXTargetDependency;
			target = 24ECE72E2CC3BCAE00C609F9 /* Monify */;
			targetProxy = 24ECE7402CC3BCAF00C609F9 /* PBXContainerItemProxy */;
		};
		24ECE74B2CC3BCAF00C609F9 /* PBXTargetDependency */ = {
			isa = PBXTargetDependency;
			target = 24ECE72E2CC3BCAE00C609F9 /* Monify */;
			targetProxy = 24ECE74A2CC3BCAF00C609F9 /* PBXContainerItemProxy */;
		};
/* End PBXTargetDependency section */

/* Begin XCBuildConfiguration section */
		24ECE7512CC3BCAF00C609F9 /* Debug */ = {
			isa = XCBuildConfiguration;
			buildSettings = {
				ALWAYS_SEARCH_USER_PATHS = NO;
				ASSETCATALOG_COMPILER_GENERATE_SWIFT_ASSET_SYMBOL_EXTENSIONS = YES;
				CLANG_ANALYZER_NONNULL = YES;
				CLANG_ANALYZER_NUMBER_OBJECT_CONVERSION = YES_AGGRESSIVE;
				CLANG_CXX_LANGUAGE_STANDARD = "gnu++20";
				CLANG_ENABLE_MODULES = YES;
				CLANG_ENABLE_OBJC_ARC = YES;
				CLANG_ENABLE_OBJC_WEAK = YES;
				CLANG_WARN_BLOCK_CAPTURE_AUTORELEASING = YES;
				CLANG_WARN_BOOL_CONVERSION = YES;
				CLANG_WARN_COMMA = YES;
				CLANG_WARN_CONSTANT_CONVERSION = YES;
				CLANG_WARN_DEPRECATED_OBJC_IMPLEMENTATIONS = YES;
				CLANG_WARN_DIRECT_OBJC_ISA_USAGE = YES_ERROR;
				CLANG_WARN_DOCUMENTATION_COMMENTS = YES;
				CLANG_WARN_EMPTY_BODY = YES;
				CLANG_WARN_ENUM_CONVERSION = YES;
				CLANG_WARN_INFINITE_RECURSION = YES;
				CLANG_WARN_INT_CONVERSION = YES;
				CLANG_WARN_NON_LITERAL_NULL_CONVERSION = YES;
				CLANG_WARN_OBJC_IMPLICIT_RETAIN_SELF = YES;
				CLANG_WARN_OBJC_LITERAL_CONVERSION = YES;
				CLANG_WARN_OBJC_ROOT_CLASS = YES_ERROR;
				CLANG_WARN_QUOTED_INCLUDE_IN_FRAMEWORK_HEADER = YES;
				CLANG_WARN_RANGE_LOOP_ANALYSIS = YES;
				CLANG_WARN_STRICT_PROTOTYPES = YES;
				CLANG_WARN_SUSPICIOUS_MOVE = YES;
				CLANG_WARN_UNGUARDED_AVAILABILITY = YES_AGGRESSIVE;
				CLANG_WARN_UNREACHABLE_CODE = YES;
				CLANG_WARN__DUPLICATE_METHOD_MATCH = YES;
				COPY_PHASE_STRIP = NO;
				DEBUG_INFORMATION_FORMAT = dwarf;
				ENABLE_STRICT_OBJC_MSGSEND = YES;
				ENABLE_TESTABILITY = YES;
				ENABLE_USER_SCRIPT_SANDBOXING = YES;
				GCC_C_LANGUAGE_STANDARD = gnu17;
				GCC_DYNAMIC_NO_PIC = NO;
				GCC_NO_COMMON_BLOCKS = YES;
				GCC_OPTIMIZATION_LEVEL = 0;
				GCC_PREPROCESSOR_DEFINITIONS = (
					"DEBUG=1",
					"$(inherited)",
				);
				GCC_WARN_64_TO_32_BIT_CONVERSION = YES;
				GCC_WARN_ABOUT_RETURN_TYPE = YES_ERROR;
				GCC_WARN_UNDECLARED_SELECTOR = YES;
				GCC_WARN_UNINITIALIZED_AUTOS = YES_AGGRESSIVE;
				GCC_WARN_UNUSED_FUNCTION = YES;
				GCC_WARN_UNUSED_VARIABLE = YES;
				IPHONEOS_DEPLOYMENT_TARGET = 18.0;
				LOCALIZATION_PREFERS_STRING_CATALOGS = YES;
				MTL_ENABLE_DEBUG_INFO = INCLUDE_SOURCE;
				MTL_FAST_MATH = YES;
				ONLY_ACTIVE_ARCH = YES;
				SDKROOT = iphoneos;
				SWIFT_ACTIVE_COMPILATION_CONDITIONS = "DEBUG $(inherited)";
				SWIFT_OPTIMIZATION_LEVEL = "-Onone";
			};
			name = Debug;
		};
		24ECE7522CC3BCAF00C609F9 /* Release */ = {
			isa = XCBuildConfiguration;
			buildSettings = {
				ALWAYS_SEARCH_USER_PATHS = NO;
				ASSETCATALOG_COMPILER_GENERATE_SWIFT_ASSET_SYMBOL_EXTENSIONS = YES;
				CLANG_ANALYZER_NONNULL = YES;
				CLANG_ANALYZER_NUMBER_OBJECT_CONVERSION = YES_AGGRESSIVE;
				CLANG_CXX_LANGUAGE_STANDARD = "gnu++20";
				CLANG_ENABLE_MODULES = YES;
				CLANG_ENABLE_OBJC_ARC = YES;
				CLANG_ENABLE_OBJC_WEAK = YES;
				CLANG_WARN_BLOCK_CAPTURE_AUTORELEASING = YES;
				CLANG_WARN_BOOL_CONVERSION = YES;
				CLANG_WARN_COMMA = YES;
				CLANG_WARN_CONSTANT_CONVERSION = YES;
				CLANG_WARN_DEPRECATED_OBJC_IMPLEMENTATIONS = YES;
				CLANG_WARN_DIRECT_OBJC_ISA_USAGE = YES_ERROR;
				CLANG_WARN_DOCUMENTATION_COMMENTS = YES;
				CLANG_WARN_EMPTY_BODY = YES;
				CLANG_WARN_ENUM_CONVERSION = YES;
				CLANG_WARN_INFINITE_RECURSION = YES;
				CLANG_WARN_INT_CONVERSION = YES;
				CLANG_WARN_NON_LITERAL_NULL_CONVERSION = YES;
				CLANG_WARN_OBJC_IMPLICIT_RETAIN_SELF = YES;
				CLANG_WARN_OBJC_LITERAL_CONVERSION = YES;
				CLANG_WARN_OBJC_ROOT_CLASS = YES_ERROR;
				CLANG_WARN_QUOTED_INCLUDE_IN_FRAMEWORK_HEADER = YES;
				CLANG_WARN_RANGE_LOOP_ANALYSIS = YES;
				CLANG_WARN_STRICT_PROTOTYPES = YES;
				CLANG_WARN_SUSPICIOUS_MOVE = YES;
				CLANG_WARN_UNGUARDED_AVAILABILITY = YES_AGGRESSIVE;
				CLANG_WARN_UNREACHABLE_CODE = YES;
				CLANG_WARN__DUPLICATE_METHOD_MATCH = YES;
				COPY_PHASE_STRIP = NO;
				DEBUG_INFORMATION_FORMAT = "dwarf-with-dsym";
				ENABLE_NS_ASSERTIONS = NO;
				ENABLE_STRICT_OBJC_MSGSEND = YES;
				ENABLE_USER_SCRIPT_SANDBOXING = YES;
				GCC_C_LANGUAGE_STANDARD = gnu17;
				GCC_NO_COMMON_BLOCKS = YES;
				GCC_WARN_64_TO_32_BIT_CONVERSION = YES;
				GCC_WARN_ABOUT_RETURN_TYPE = YES_ERROR;
				GCC_WARN_UNDECLARED_SELECTOR = YES;
				GCC_WARN_UNINITIALIZED_AUTOS = YES_AGGRESSIVE;
				GCC_WARN_UNUSED_FUNCTION = YES;
				GCC_WARN_UNUSED_VARIABLE = YES;
				IPHONEOS_DEPLOYMENT_TARGET = 18.0;
				LOCALIZATION_PREFERS_STRING_CATALOGS = YES;
				MTL_ENABLE_DEBUG_INFO = NO;
				MTL_FAST_MATH = YES;
				SDKROOT = iphoneos;
				SWIFT_COMPILATION_MODE = wholemodule;
				VALIDATE_PRODUCT = YES;
			};
			name = Release;
		};
		24ECE7542CC3BCAF00C609F9 /* Debug */ = {
			isa = XCBuildConfiguration;
			buildSettings = {
				ASSETCATALOG_COMPILER_APPICON_NAME = AppIcon;
				ASSETCATALOG_COMPILER_GLOBAL_ACCENT_COLOR_NAME = AccentColor;
				CODE_SIGN_STYLE = Automatic;
				CURRENT_PROJECT_VERSION = 1;
				DEVELOPMENT_ASSET_PATHS = "\"Monify/Preview Content\"";
				DEVELOPMENT_TEAM = L3HBHSZC94;
				ENABLE_PREVIEWS = YES;
				GENERATE_INFOPLIST_FILE = YES;
				INFOPLIST_KEY_UIApplicationSceneManifest_Generation = YES;
				INFOPLIST_KEY_UIApplicationSupportsIndirectInputEvents = YES;
				INFOPLIST_KEY_UILaunchScreen_Generation = YES;
				INFOPLIST_KEY_UISupportedInterfaceOrientations_iPad = "UIInterfaceOrientationPortrait UIInterfaceOrientationPortraitUpsideDown UIInterfaceOrientationLandscapeLeft UIInterfaceOrientationLandscapeRight";
				INFOPLIST_KEY_UISupportedInterfaceOrientations_iPhone = "UIInterfaceOrientationPortrait UIInterfaceOrientationLandscapeLeft UIInterfaceOrientationLandscapeRight";
				IPHONEOS_DEPLOYMENT_TARGET = 17.6;
				LD_RUNPATH_SEARCH_PATHS = (
					"$(inherited)",
					"@executable_path/Frameworks",
				);
				MARKETING_VERSION = 1.0;
				PRODUCT_BUNDLE_IDENTIFIER = cz.cvut.fit.Monify;
				PRODUCT_NAME = "$(TARGET_NAME)";
				SWIFT_EMIT_LOC_STRINGS = YES;
				SWIFT_VERSION = 5.0;
				TARGETED_DEVICE_FAMILY = "1,2";
			};
			name = Debug;
		};
		24ECE7552CC3BCAF00C609F9 /* Release */ = {
			isa = XCBuildConfiguration;
			buildSettings = {
				ASSETCATALOG_COMPILER_APPICON_NAME = AppIcon;
				ASSETCATALOG_COMPILER_GLOBAL_ACCENT_COLOR_NAME = AccentColor;
				CODE_SIGN_STYLE = Automatic;
				CURRENT_PROJECT_VERSION = 1;
				DEVELOPMENT_ASSET_PATHS = "\"Monify/Preview Content\"";
				DEVELOPMENT_TEAM = L3HBHSZC94;
				ENABLE_PREVIEWS = YES;
				GENERATE_INFOPLIST_FILE = YES;
				INFOPLIST_KEY_UIApplicationSceneManifest_Generation = YES;
				INFOPLIST_KEY_UIApplicationSupportsIndirectInputEvents = YES;
				INFOPLIST_KEY_UILaunchScreen_Generation = YES;
				INFOPLIST_KEY_UISupportedInterfaceOrientations_iPad = "UIInterfaceOrientationPortrait UIInterfaceOrientationPortraitUpsideDown UIInterfaceOrientationLandscapeLeft UIInterfaceOrientationLandscapeRight";
				INFOPLIST_KEY_UISupportedInterfaceOrientations_iPhone = "UIInterfaceOrientationPortrait UIInterfaceOrientationLandscapeLeft UIInterfaceOrientationLandscapeRight";
				IPHONEOS_DEPLOYMENT_TARGET = 17.6;
				LD_RUNPATH_SEARCH_PATHS = (
					"$(inherited)",
					"@executable_path/Frameworks",
				);
				MARKETING_VERSION = 1.0;
				PRODUCT_BUNDLE_IDENTIFIER = cz.cvut.fit.Monify;
				PRODUCT_NAME = "$(TARGET_NAME)";
				SWIFT_EMIT_LOC_STRINGS = YES;
				SWIFT_VERSION = 5.0;
				TARGETED_DEVICE_FAMILY = "1,2";
			};
			name = Release;
		};
		24ECE7572CC3BCAF00C609F9 /* Debug */ = {
			isa = XCBuildConfiguration;
			buildSettings = {
				BUNDLE_LOADER = "$(TEST_HOST)";
				CODE_SIGN_STYLE = Automatic;
				CURRENT_PROJECT_VERSION = 1;
				DEVELOPMENT_TEAM = QPYRGGAJ6P;
				GENERATE_INFOPLIST_FILE = YES;
				IPHONEOS_DEPLOYMENT_TARGET = 18.0;
				MARKETING_VERSION = 1.0;
				PRODUCT_BUNDLE_IDENTIFIER = cz.cvut.fit.MonifyTests;
				PRODUCT_NAME = "$(TARGET_NAME)";
				SWIFT_EMIT_LOC_STRINGS = NO;
				SWIFT_VERSION = 5.0;
				TARGETED_DEVICE_FAMILY = "1,2";
				TEST_HOST = "$(BUILT_PRODUCTS_DIR)/Monify.app/$(BUNDLE_EXECUTABLE_FOLDER_PATH)/Monify";
			};
			name = Debug;
		};
		24ECE7582CC3BCAF00C609F9 /* Release */ = {
			isa = XCBuildConfiguration;
			buildSettings = {
				BUNDLE_LOADER = "$(TEST_HOST)";
				CODE_SIGN_STYLE = Automatic;
				CURRENT_PROJECT_VERSION = 1;
				DEVELOPMENT_TEAM = QPYRGGAJ6P;
				GENERATE_INFOPLIST_FILE = YES;
				IPHONEOS_DEPLOYMENT_TARGET = 18.0;
				MARKETING_VERSION = 1.0;
				PRODUCT_BUNDLE_IDENTIFIER = cz.cvut.fit.MonifyTests;
				PRODUCT_NAME = "$(TARGET_NAME)";
				SWIFT_EMIT_LOC_STRINGS = NO;
				SWIFT_VERSION = 5.0;
				TARGETED_DEVICE_FAMILY = "1,2";
				TEST_HOST = "$(BUILT_PRODUCTS_DIR)/Monify.app/$(BUNDLE_EXECUTABLE_FOLDER_PATH)/Monify";
			};
			name = Release;
		};
		24ECE75A2CC3BCAF00C609F9 /* Debug */ = {
			isa = XCBuildConfiguration;
			buildSettings = {
				CODE_SIGN_STYLE = Automatic;
				CURRENT_PROJECT_VERSION = 1;
				DEVELOPMENT_TEAM = QPYRGGAJ6P;
				GENERATE_INFOPLIST_FILE = YES;
				MARKETING_VERSION = 1.0;
				PRODUCT_BUNDLE_IDENTIFIER = cz.cvut.fit.MonifyUITests;
				PRODUCT_NAME = "$(TARGET_NAME)";
				SWIFT_EMIT_LOC_STRINGS = NO;
				SWIFT_VERSION = 5.0;
				TARGETED_DEVICE_FAMILY = "1,2";
				TEST_TARGET_NAME = Monify;
			};
			name = Debug;
		};
		24ECE75B2CC3BCAF00C609F9 /* Release */ = {
			isa = XCBuildConfiguration;
			buildSettings = {
				CODE_SIGN_STYLE = Automatic;
				CURRENT_PROJECT_VERSION = 1;
				DEVELOPMENT_TEAM = QPYRGGAJ6P;
				GENERATE_INFOPLIST_FILE = YES;
				MARKETING_VERSION = 1.0;
				PRODUCT_BUNDLE_IDENTIFIER = cz.cvut.fit.MonifyUITests;
				PRODUCT_NAME = "$(TARGET_NAME)";
				SWIFT_EMIT_LOC_STRINGS = NO;
				SWIFT_VERSION = 5.0;
				TARGETED_DEVICE_FAMILY = "1,2";
				TEST_TARGET_NAME = Monify;
			};
			name = Release;
		};
/* End XCBuildConfiguration section */

/* Begin XCConfigurationList section */
		24ECE72A2CC3BCAE00C609F9 /* Build configuration list for PBXProject "Monify" */ = {
			isa = XCConfigurationList;
			buildConfigurations = (
				24ECE7512CC3BCAF00C609F9 /* Debug */,
				24ECE7522CC3BCAF00C609F9 /* Release */,
			);
			defaultConfigurationIsVisible = 0;
			defaultConfigurationName = Release;
		};
		24ECE7532CC3BCAF00C609F9 /* Build configuration list for PBXNativeTarget "Monify" */ = {
			isa = XCConfigurationList;
			buildConfigurations = (
				24ECE7542CC3BCAF00C609F9 /* Debug */,
				24ECE7552CC3BCAF00C609F9 /* Release */,
			);
			defaultConfigurationIsVisible = 0;
			defaultConfigurationName = Release;
		};
		24ECE7562CC3BCAF00C609F9 /* Build configuration list for PBXNativeTarget "MonifyTests" */ = {
			isa = XCConfigurationList;
			buildConfigurations = (
				24ECE7572CC3BCAF00C609F9 /* Debug */,
				24ECE7582CC3BCAF00C609F9 /* Release */,
			);
			defaultConfigurationIsVisible = 0;
			defaultConfigurationName = Release;
		};
		24ECE7592CC3BCAF00C609F9 /* Build configuration list for PBXNativeTarget "MonifyUITests" */ = {
			isa = XCConfigurationList;
			buildConfigurations = (
				24ECE75A2CC3BCAF00C609F9 /* Debug */,
				24ECE75B2CC3BCAF00C609F9 /* Release */,
			);
			defaultConfigurationIsVisible = 0;
			defaultConfigurationName = Release;
		};
/* End XCConfigurationList section */

/* Begin XCRemoteSwiftPackageReference section */
		242AAE9E2CE8DFE60018F790 /* XCRemoteSwiftPackageReference "swift-collections" */ = {
			isa = XCRemoteSwiftPackageReference;
			repositoryURL = "https://github.com/apple/swift-collections.git";
			requirement = {
				kind = upToNextMajorVersion;
				minimumVersion = 1.1.4;
			};
		};
		242AAEA12CE8E1660018F790 /* XCRemoteSwiftPackageReference "ChartView" */ = {
			isa = XCRemoteSwiftPackageReference;
			repositoryURL = "https://github.com/AppPear/ChartView";
			requirement = {
				kind = exactVersion;
				version = "2.0.0-beta.2";
			};
		};
		24ECE7782CC3D00200C609F9 /* XCRemoteSwiftPackageReference "SwiftUIFontIcon" */ = {
			isa = XCRemoteSwiftPackageReference;
			repositoryURL = "https://github.com/huybuidac/SwiftUIFontIcon";
			requirement = {
				branch = master;
				kind = branch;
			};
		};
/* End XCRemoteSwiftPackageReference section */

/* Begin XCSwiftPackageProductDependency section */
		242AAE9F2CE8E0200018F790 /* Collections */ = {
			isa = XCSwiftPackageProductDependency;
			package = 242AAE9E2CE8DFE60018F790 /* XCRemoteSwiftPackageReference "swift-collections" */;
			productName = Collections;
		};
		242AAEA22CE8E1660018F790 /* SwiftUICharts */ = {
			isa = XCSwiftPackageProductDependency;
			package = 242AAEA12CE8E1660018F790 /* XCRemoteSwiftPackageReference "ChartView" */;
			productName = SwiftUICharts;
		};
		24ECE77C2CC3D6E800C609F9 /* SwiftUIFontIcon */ = {
			isa = XCSwiftPackageProductDependency;
			package = 24ECE7782CC3D00200C609F9 /* XCRemoteSwiftPackageReference "SwiftUIFontIcon" */;
			productName = SwiftUIFontIcon;
		};
/* End XCSwiftPackageProductDependency section */
	};
	rootObject = 24ECE7272CC3BCAE00C609F9 /* Project object */;
}
